
Microsoft Visual Studio Solution File, Format Version 12.00
# Visual Studio 15
VisualStudioVersion = 15.0.28307.1062
MinimumVisualStudioVersion = 10.0.40219.1
Project("{9A19103F-16F7-4668-BE54-9A1E7A4F7556}") = "myConsoleApp", "myConsoleApp.csproj", "{EF22415C-9433-4A13-8CDB-0E920553248A}"
EndProject
Project("{FAE04EC0-301F-11D3-BF4B-00C04F79EFBC}") = "LambdaAsync", "..\LambdaAsync\LambdaAsync.csproj", "{9F033630-7E39-4919-BACA-364FA77B3D2A}"
EndProject
Project("{FAE04EC0-301F-11D3-BF4B-00C04F79EFBC}") = "ConsoleWebApiClient", "ConsoleWebApiClient\ConsoleWebApiClient.csproj", "{84204478-CB93-4A09-9F28-7A6497E304A7}"
EndProject
Global
	GlobalSection(SolutionConfigurationPlatforms) = preSolution
		Debug|Any CPU = Debug|Any CPU
		Release|Any CPU = Release|Any CPU
	EndGlobalSection
	GlobalSection(ProjectConfigurationPlatforms) = postSolution
		{EF22415C-9433-4A13-8CDB-0E920553248A}.Debug|Any CPU.ActiveCfg = Debug|Any CPU
		{EF22415C-9433-4A13-8CDB-0E920553248A}.Debug|Any CPU.Build.0 = Debug|Any CPU
		{EF22415C-9433-4A13-8CDB-0E920553248A}.Release|Any CPU.ActiveCfg = Release|Any CPU
		{EF22415C-9433-4A13-8CDB-0E920553248A}.Release|Any CPU.Build.0 = Release|Any CPU
		{9F033630-7E39-4919-BACA-364FA77B3D2A}.Debug|Any CPU.ActiveCfg = Debug|Any CPU
		{9F033630-7E39-4919-BACA-364FA77B3D2A}.Debug|Any CPU.Build.0 = Debug|Any CPU
		{9F033630-7E39-4919-BACA-364FA77B3D2A}.Release|Any CPU.ActiveCfg = Release|Any CPU
		{9F033630-7E39-4919-BACA-364FA77B3D2A}.Release|Any CPU.Build.0 = Release|Any CPU
		{84204478-CB93-4A09-9F28-7A6497E304A7}.Debug|Any CPU.ActiveCfg = Debug|Any CPU
		{84204478-CB93-4A09-9F28-7A6497E304A7}.Debug|Any CPU.Build.0 = Debug|Any CPU
		{84204478-CB93-4A09-9F28-7A6497E304A7}.Release|Any CPU.ActiveCfg = Release|Any CPU
		{84204478-CB93-4A09-9F28-7A6497E304A7}.Release|Any CPU.Build.0 = Release|Any CPU
	EndGlobalSection
	GlobalSection(SolutionProperties) = preSolution
		HideSolutionNode = FALSE
	EndGlobalSection
	GlobalSection(ExtensibilityGlobals) = postSolution
		SolutionGuid = {F69E476F-E649-4705-A76B-ABD39A16CD99}
	EndGlobalSection
EndGlobal
