
Microsoft Visual Studio Solution File, Format Version 12.00
# Visual Studio Version 16
VisualStudioVersion = 16.0.31624.102
MinimumVisualStudioVersion = 10.0.40219.1
Project("{FAE04EC0-301F-11D3-BF4B-00C04F79EFBC}") = "grpcServerWinForm", "grpcServerWinForm.csproj", "{5EF2AC2A-87AD-42AA-9CA7-84CD4EFE6985}"
EndProject
Global
	GlobalSection(SolutionConfigurationPlatforms) = preSolution
		Debug|Any CPU = Debug|Any CPU
		Release|Any CPU = Release|Any CPU
	EndGlobalSection
	GlobalSection(ProjectConfigurationPlatforms) = postSolution
		{5EF2AC2A-87AD-42AA-9CA7-84CD4EFE6985}.Debug|Any CPU.ActiveCfg = Debug|Any CPU
		{5EF2AC2A-87AD-42AA-9CA7-84CD4EFE6985}.Debug|Any CPU.Build.0 = Debug|Any CPU
		{5EF2AC2A-87AD-42AA-9CA7-84CD4EFE6985}.Release|Any CPU.ActiveCfg = Release|Any CPU
		{5EF2AC2A-87AD-42AA-9CA7-84CD4EFE6985}.Release|Any CPU.Build.0 = Release|Any CPU
	EndGlobalSection
	GlobalSection(SolutionProperties) = preSolution
		HideSolutionNode = FALSE
	EndGlobalSection
	GlobalSection(ExtensibilityGlobals) = postSolution
		SolutionGuid = {45DA8104-19BC-44C5-B2CB-4800CCB832E9}
	EndGlobalSection
EndGlobal
