
Microsoft Visual Studio Solution File, Format Version 12.00
# Visual Studio Version 16
VisualStudioVersion = 16.0.31624.102
MinimumVisualStudioVersion = 10.0.40219.1
Project("{9A19103F-16F7-4668-BE54-9A1E7A4F7556}") = "MLLearnML.ConsoleApp", "MLLearnML.ConsoleApp.csproj", "{1B0BAC35-DE2A-4779-8884-76279A98CF76}"
EndProject
Project("{9A19103F-16F7-4668-BE54-9A1E7A4F7556}") = "MLLearnML.Model", "..\MLLearnML.Model\MLLearnML.Model.csproj", "{FA506D23-45AC-4688-ABB9-E41A94131647}"
EndProject
Global
	GlobalSection(SolutionConfigurationPlatforms) = preSolution
		Debug|Any CPU = Debug|Any CPU
		Release|Any CPU = Release|Any CPU
	EndGlobalSection
	GlobalSection(ProjectConfigurationPlatforms) = postSolution
		{1B0BAC35-DE2A-4779-8884-76279A98CF76}.Debug|Any CPU.ActiveCfg = Debug|Any CPU
		{1B0BAC35-DE2A-4779-8884-76279A98CF76}.Debug|Any CPU.Build.0 = Debug|Any CPU
		{1B0BAC35-DE2A-4779-8884-76279A98CF76}.Release|Any CPU.ActiveCfg = Release|Any CPU
		{1B0BAC35-DE2A-4779-8884-76279A98CF76}.Release|Any CPU.Build.0 = Release|Any CPU
		{FA506D23-45AC-4688-ABB9-E41A94131647}.Debug|Any CPU.ActiveCfg = Debug|Any CPU
		{FA506D23-45AC-4688-ABB9-E41A94131647}.Debug|Any CPU.Build.0 = Debug|Any CPU
		{FA506D23-45AC-4688-ABB9-E41A94131647}.Release|Any CPU.ActiveCfg = Release|Any CPU
		{FA506D23-45AC-4688-ABB9-E41A94131647}.Release|Any CPU.Build.0 = Release|Any CPU
	EndGlobalSection
	GlobalSection(SolutionProperties) = preSolution
		HideSolutionNode = FALSE
	EndGlobalSection
	GlobalSection(ExtensibilityGlobals) = postSolution
		SolutionGuid = {258535D3-0EF4-4531-989E-DA917D83A491}
	EndGlobalSection
EndGlobal
