
Microsoft Visual Studio Solution File, Format Version 12.00
# Visual Studio Version 16
VisualStudioVersion = 16.0.31624.102
MinimumVisualStudioVersion = 10.0.40219.1
Project("{FAE04EC0-301F-11D3-BF4B-00C04F79EFBC}") = "SerialConsole", "SerialConsole.csproj", "{802053D7-DE72-452C-8770-F9B2FB24548A}"
EndProject
Global
	GlobalSection(SolutionConfigurationPlatforms) = preSolution
		Debug|Any CPU = Debug|Any CPU
		Release|Any CPU = Release|Any CPU
	EndGlobalSection
	GlobalSection(ProjectConfigurationPlatforms) = postSolution
		{802053D7-DE72-452C-8770-F9B2FB24548A}.Debug|Any CPU.ActiveCfg = Debug|Any CPU
		{802053D7-DE72-452C-8770-F9B2FB24548A}.Debug|Any CPU.Build.0 = Debug|Any CPU
		{802053D7-DE72-452C-8770-F9B2FB24548A}.Release|Any CPU.ActiveCfg = Release|Any CPU
		{802053D7-DE72-452C-8770-F9B2FB24548A}.Release|Any CPU.Build.0 = Release|Any CPU
	EndGlobalSection
	GlobalSection(SolutionProperties) = preSolution
		HideSolutionNode = FALSE
	EndGlobalSection
	GlobalSection(ExtensibilityGlobals) = postSolution
		SolutionGuid = {B4819BF8-7406-4B7C-A8CE-63689B1D3C14}
	EndGlobalSection
EndGlobal
