
Microsoft Visual Studio Solution File, Format Version 12.00
# Visual Studio Version 16
VisualStudioVersion = 16.0.31624.102
MinimumVisualStudioVersion = 10.0.40219.1
Project("{FAE04EC0-301F-11D3-BF4B-00C04F79EFBC}") = "bicycle_rental", "bicycle_rental.csproj", "{87C763AC-06D0-438E-84C7-85DA19022A89}"
EndProject
Global
	GlobalSection(SolutionConfigurationPlatforms) = preSolution
		Debug|Any CPU = Debug|Any CPU
		Release|Any CPU = Release|Any CPU
	EndGlobalSection
	GlobalSection(ProjectConfigurationPlatforms) = postSolution
		{87C763AC-06D0-438E-84C7-85DA19022A89}.Debug|Any CPU.ActiveCfg = Debug|Any CPU
		{87C763AC-06D0-438E-84C7-85DA19022A89}.Debug|Any CPU.Build.0 = Debug|Any CPU
		{87C763AC-06D0-438E-84C7-85DA19022A89}.Release|Any CPU.ActiveCfg = Release|Any CPU
		{87C763AC-06D0-438E-84C7-85DA19022A89}.Release|Any CPU.Build.0 = Release|Any CPU
	EndGlobalSection
	GlobalSection(SolutionProperties) = preSolution
		HideSolutionNode = FALSE
	EndGlobalSection
	GlobalSection(ExtensibilityGlobals) = postSolution
		SolutionGuid = {A5EA670B-7EFD-4BCF-B1C8-BB57B295A675}
	EndGlobalSection
EndGlobal
