
Microsoft Visual Studio Solution File, Format Version 12.00
# Visual Studio Version 16
VisualStudioVersion = 16.0.31624.102
MinimumVisualStudioVersion = 10.0.40219.1
Project("{FAE04EC0-301F-11D3-BF4B-00C04F79EFBC}") = "gRPCClient", "gRPCClient.csproj", "{3585728A-3CF1-4C22-B9D6-33CF01790689}"
EndProject
Global
	GlobalSection(SolutionConfigurationPlatforms) = preSolution
		Debug|Any CPU = Debug|Any CPU
		Release|Any CPU = Release|Any CPU
	EndGlobalSection
	GlobalSection(ProjectConfigurationPlatforms) = postSolution
		{3585728A-3CF1-4C22-B9D6-33CF01790689}.Debug|Any CPU.ActiveCfg = Debug|Any CPU
		{3585728A-3CF1-4C22-B9D6-33CF01790689}.Debug|Any CPU.Build.0 = Debug|Any CPU
		{3585728A-3CF1-4C22-B9D6-33CF01790689}.Release|Any CPU.ActiveCfg = Release|Any CPU
		{3585728A-3CF1-4C22-B9D6-33CF01790689}.Release|Any CPU.Build.0 = Release|Any CPU
	EndGlobalSection
	GlobalSection(SolutionProperties) = preSolution
		HideSolutionNode = FALSE
	EndGlobalSection
	GlobalSection(ExtensibilityGlobals) = postSolution
		SolutionGuid = {6016C660-54DF-4054-A93C-6DFAD33C3BB4}
	EndGlobalSection
EndGlobal
